// !$*UTF8*$!
{
	archiveVersion = 1;
	classes = {
	};
	objectVersion = 50;
	objects = {

/* Begin PBXBuildFile section */
		4E9D68CB82408B4F4E28BDC5 /* Pods_paymentgatewayTests.framework in Frameworks */ = {isa = PBXBuildFile; fileRef = 87EA97CF898E295CFD9AC2C0 /* Pods_paymentgatewayTests.framework */; };
		7A09B87DE08D91539BC4A90A /* Pods_paymentgateway.framework in Frameworks */ = {isa = PBXBuildFile; fileRef = 040444C44FF5714C6E8AAE00 /* Pods_paymentgateway.framework */; };
		83836A8E23D8067D00E75CE2 /* AppDelegate.swift in Sources */ = {isa = PBXBuildFile; fileRef = 83836A8D23D8067D00E75CE2 /* AppDelegate.swift */; };
		83836A9023D8067D00E75CE2 /* SceneDelegate.swift in Sources */ = {isa = PBXBuildFile; fileRef = 83836A8F23D8067D00E75CE2 /* SceneDelegate.swift */; };
		83836A9223D8067D00E75CE2 /* ViewController.swift in Sources */ = {isa = PBXBuildFile; fileRef = 83836A9123D8067D00E75CE2 /* ViewController.swift */; };
		83836A9523D8067D00E75CE2 /* Main.storyboard in Resources */ = {isa = PBXBuildFile; fileRef = 83836A9323D8067D00E75CE2 /* Main.storyboard */; };
		83836A9823D8067D00E75CE2 /* paymentgateway.xcdatamodeld in Sources */ = {isa = PBXBuildFile; fileRef = 83836A9623D8067D00E75CE2 /* paymentgateway.xcdatamodeld */; };
		83836A9A23D8068000E75CE2 /* Assets.xcassets in Resources */ = {isa = PBXBuildFile; fileRef = 83836A9923D8068000E75CE2 /* Assets.xcassets */; };
		83836A9D23D8068000E75CE2 /* LaunchScreen.storyboard in Resources */ = {isa = PBXBuildFile; fileRef = 83836A9B23D8068000E75CE2 /* LaunchScreen.storyboard */; };
		83836AA823D8068000E75CE2 /* paymentgatewayTests.swift in Sources */ = {isa = PBXBuildFile; fileRef = 83836AA723D8068000E75CE2 /* paymentgatewayTests.swift */; };
		83836AB323D8068000E75CE2 /* paymentgatewayUITests.swift in Sources */ = {isa = PBXBuildFile; fileRef = 83836AB223D8068000E75CE2 /* paymentgatewayUITests.swift */; };
		88B77F8C4DE5F2DC988F9D99 /* Pods_paymentgateway_paymentgatewayUITests.framework in Frameworks */ = {isa = PBXBuildFile; fileRef = A21E2BA365DCB1D8F6BE521A /* Pods_paymentgateway_paymentgatewayUITests.framework */; };
/* End PBXBuildFile section */

/* Begin PBXContainerItemProxy section */
		83836AA423D8068000E75CE2 /* PBXContainerItemProxy */ = {
			isa = PBXContainerItemProxy;
			containerPortal = 83836A8223D8067D00E75CE2 /* Project object */;
			proxyType = 1;
			remoteGlobalIDString = 83836A8923D8067D00E75CE2;
			remoteInfo = paymentgateway;
		};
		83836AAF23D8068000E75CE2 /* PBXContainerItemProxy */ = {
			isa = PBXContainerItemProxy;
			containerPortal = 83836A8223D8067D00E75CE2 /* Project object */;
			proxyType = 1;
			remoteGlobalIDString = 83836A8923D8067D00E75CE2;
			remoteInfo = paymentgateway;
		};
/* End PBXContainerItemProxy section */

/* Begin PBXFileReference section */
		040444C44FF5714C6E8AAE00 /* Pods_paymentgateway.framework */ = {isa = PBXFileReference; explicitFileType = wrapper.framework; includeInIndex = 0; path = Pods_paymentgateway.framework; sourceTree = BUILT_PRODUCTS_DIR; };
		1CAA5CEFE08992E4F07FB66D /* Pods-paymentgatewayTests.debug.xcconfig */ = {isa = PBXFileReference; includeInIndex = 1; lastKnownFileType = text.xcconfig; name = "Pods-paymentgatewayTests.debug.xcconfig"; path = "Target Support Files/Pods-paymentgatewayTests/Pods-paymentgatewayTests.debug.xcconfig"; sourceTree = "<group>"; };
		6C2C9510949E40C55C672616 /* Pods-paymentgatewayTests.release.xcconfig */ = {isa = PBXFileReference; includeInIndex = 1; lastKnownFileType = text.xcconfig; name = "Pods-paymentgatewayTests.release.xcconfig"; path = "Target Support Files/Pods-paymentgatewayTests/Pods-paymentgatewayTests.release.xcconfig"; sourceTree = "<group>"; };
		83836A8A23D8067D00E75CE2 /* paymentgateway.app */ = {isa = PBXFileReference; explicitFileType = wrapper.application; includeInIndex = 0; path = paymentgateway.app; sourceTree = BUILT_PRODUCTS_DIR; };
		83836A8D23D8067D00E75CE2 /* AppDelegate.swift */ = {isa = PBXFileReference; lastKnownFileType = sourcecode.swift; path = AppDelegate.swift; sourceTree = "<group>"; };
		83836A8F23D8067D00E75CE2 /* SceneDelegate.swift */ = {isa = PBXFileReference; lastKnownFileType = sourcecode.swift; path = SceneDelegate.swift; sourceTree = "<group>"; };
		83836A9123D8067D00E75CE2 /* ViewController.swift */ = {isa = PBXFileReference; lastKnownFileType = sourcecode.swift; path = ViewController.swift; sourceTree = "<group>"; };
		83836A9423D8067D00E75CE2 /* Base */ = {isa = PBXFileReference; lastKnownFileType = file.storyboard; name = Base; path = Base.lproj/Main.storyboard; sourceTree = "<group>"; };
		83836A9723D8067D00E75CE2 /* paymentgateway.xcdatamodel */ = {isa = PBXFileReference; lastKnownFileType = wrapper.xcdatamodel; path = paymentgateway.xcdatamodel; sourceTree = "<group>"; };
		83836A9923D8068000E75CE2 /* Assets.xcassets */ = {isa = PBXFileReference; lastKnownFileType = folder.assetcatalog; path = Assets.xcassets; sourceTree = "<group>"; };
		83836A9C23D8068000E75CE2 /* Base */ = {isa = PBXFileReference; lastKnownFileType = file.storyboard; name = Base; path = Base.lproj/LaunchScreen.storyboard; sourceTree = "<group>"; };
		83836A9E23D8068000E75CE2 /* Info.plist */ = {isa = PBXFileReference; lastKnownFileType = text.plist.xml; path = Info.plist; sourceTree = "<group>"; };
		83836AA323D8068000E75CE2 /* paymentgatewayTests.xctest */ = {isa = PBXFileReference; explicitFileType = wrapper.cfbundle; includeInIndex = 0; path = paymentgatewayTests.xctest; sourceTree = BUILT_PRODUCTS_DIR; };
		83836AA723D8068000E75CE2 /* paymentgatewayTests.swift */ = {isa = PBXFileReference; lastKnownFileType = sourcecode.swift; path = paymentgatewayTests.swift; sourceTree = "<group>"; };
		83836AA923D8068000E75CE2 /* Info.plist */ = {isa = PBXFileReference; lastKnownFileType = text.plist.xml; path = Info.plist; sourceTree = "<group>"; };
		83836AAE23D8068000E75CE2 /* paymentgatewayUITests.xctest */ = {isa = PBXFileReference; explicitFileType = wrapper.cfbundle; includeInIndex = 0; path = paymentgatewayUITests.xctest; sourceTree = BUILT_PRODUCTS_DIR; };
		83836AB223D8068000E75CE2 /* paymentgatewayUITests.swift */ = {isa = PBXFileReference; lastKnownFileType = sourcecode.swift; path = paymentgatewayUITests.swift; sourceTree = "<group>"; };
		83836AB423D8068000E75CE2 /* Info.plist */ = {isa = PBXFileReference; lastKnownFileType = text.plist.xml; path = Info.plist; sourceTree = "<group>"; };
		87EA97CF898E295CFD9AC2C0 /* Pods_paymentgatewayTests.framework */ = {isa = PBXFileReference; explicitFileType = wrapper.framework; includeInIndex = 0; path = Pods_paymentgatewayTests.framework; sourceTree = BUILT_PRODUCTS_DIR; };
		9642221AE95AC8DCF0F1BA9D /* Pods-paymentgateway.release.xcconfig */ = {isa = PBXFileReference; includeInIndex = 1; lastKnownFileType = text.xcconfig; name = "Pods-paymentgateway.release.xcconfig"; path = "Target Support Files/Pods-paymentgateway/Pods-paymentgateway.release.xcconfig"; sourceTree = "<group>"; };
		98CAAE5718D52363256BA066 /* Pods-paymentgateway-paymentgatewayUITests.debug.xcconfig */ = {isa = PBXFileReference; includeInIndex = 1; lastKnownFileType = text.xcconfig; name = "Pods-paymentgateway-paymentgatewayUITests.debug.xcconfig"; path = "Target Support Files/Pods-paymentgateway-paymentgatewayUITests/Pods-paymentgateway-paymentgatewayUITests.debug.xcconfig"; sourceTree = "<group>"; };
		A21E2BA365DCB1D8F6BE521A /* Pods_paymentgateway_paymentgatewayUITests.framework */ = {isa = PBXFileReference; explicitFileType = wrapper.framework; includeInIndex = 0; path = Pods_paymentgateway_paymentgatewayUITests.framework; sourceTree = BUILT_PRODUCTS_DIR; };
		BB5A0A9D69F16B0468897BD5 /* Pods-paymentgateway-paymentgatewayUITests.release.xcconfig */ = {isa = PBXFileReference; includeInIndex = 1; lastKnownFileType = text.xcconfig; name = "Pods-paymentgateway-paymentgatewayUITests.release.xcconfig"; path = "Target Support Files/Pods-paymentgateway-paymentgatewayUITests/Pods-paymentgateway-paymentgatewayUITests.release.xcconfig"; sourceTree = "<group>"; };
		D8B35A6693018664128F6F7A /* Pods-paymentgateway.debug.xcconfig */ = {isa = PBXFileReference; includeInIndex = 1; lastKnownFileType = text.xcconfig; name = "Pods-paymentgateway.debug.xcconfig"; path = "Target Support Files/Pods-paymentgateway/Pods-paymentgateway.debug.xcconfig"; sourceTree = "<group>"; };
/* End PBXFileReference section */

/* Begin PBXFrameworksBuildPhase section */
		83836A8723D8067D00E75CE2 /* Frameworks */ = {
			isa = PBXFrameworksBuildPhase;
			buildActionMask = 2147483647;
			files = (
				7A09B87DE08D91539BC4A90A /* Pods_paymentgateway.framework in Frameworks */,
			);
			runOnlyForDeploymentPostprocessing = 0;
		};
		83836AA023D8068000E75CE2 /* Frameworks */ = {
			isa = PBXFrameworksBuildPhase;
			buildActionMask = 2147483647;
			files = (
				4E9D68CB82408B4F4E28BDC5 /* Pods_paymentgatewayTests.framework in Frameworks */,
			);
			runOnlyForDeploymentPostprocessing = 0;
		};
		83836AAB23D8068000E75CE2 /* Frameworks */ = {
			isa = PBXFrameworksBuildPhase;
			buildActionMask = 2147483647;
			files = (
				88B77F8C4DE5F2DC988F9D99 /* Pods_paymentgateway_paymentgatewayUITests.framework in Frameworks */,
			);
			runOnlyForDeploymentPostprocessing = 0;
		};
/* End PBXFrameworksBuildPhase section */

/* Begin PBXGroup section */
		30EFFD6DB4528CDE97E8BC66 /* Frameworks */ = {
			isa = PBXGroup;
			children = (
				040444C44FF5714C6E8AAE00 /* Pods_paymentgateway.framework */,
				A21E2BA365DCB1D8F6BE521A /* Pods_paymentgateway_paymentgatewayUITests.framework */,
				87EA97CF898E295CFD9AC2C0 /* Pods_paymentgatewayTests.framework */,
			);
			name = Frameworks;
			sourceTree = "<group>";
		};
		83836A8123D8067D00E75CE2 = {
			isa = PBXGroup;
			children = (
				83836A8C23D8067D00E75CE2 /* paymentgateway */,
				83836AA623D8068000E75CE2 /* paymentgatewayTests */,
				83836AB123D8068000E75CE2 /* paymentgatewayUITests */,
				83836A8B23D8067D00E75CE2 /* Products */,
				C550AB4B02DBF479418D3069 /* Pods */,
				30EFFD6DB4528CDE97E8BC66 /* Frameworks */,
			);
			sourceTree = "<group>";
		};
		83836A8B23D8067D00E75CE2 /* Products */ = {
			isa = PBXGroup;
			children = (
				83836A8A23D8067D00E75CE2 /* paymentgateway.app */,
				83836AA323D8068000E75CE2 /* paymentgatewayTests.xctest */,
				83836AAE23D8068000E75CE2 /* paymentgatewayUITests.xctest */,
			);
			name = Products;
			sourceTree = "<group>";
		};
		83836A8C23D8067D00E75CE2 /* paymentgateway */ = {
			isa = PBXGroup;
			children = (
				83836A8D23D8067D00E75CE2 /* AppDelegate.swift */,
				83836A8F23D8067D00E75CE2 /* SceneDelegate.swift */,
				83836A9123D8067D00E75CE2 /* ViewController.swift */,
				83836A9323D8067D00E75CE2 /* Main.storyboard */,
				83836A9923D8068000E75CE2 /* Assets.xcassets */,
				83836A9B23D8068000E75CE2 /* LaunchScreen.storyboard */,
				83836A9E23D8068000E75CE2 /* Info.plist */,
				83836A9623D8067D00E75CE2 /* paymentgateway.xcdatamodeld */,
			);
			path = paymentgateway;
			sourceTree = "<group>";
		};
		83836AA623D8068000E75CE2 /* paymentgatewayTests */ = {
			isa = PBXGroup;
			children = (
				83836AA723D8068000E75CE2 /* paymentgatewayTests.swift */,
				83836AA923D8068000E75CE2 /* Info.plist */,
			);
			path = paymentgatewayTests;
			sourceTree = "<group>";
		};
		83836AB123D8068000E75CE2 /* paymentgatewayUITests */ = {
			isa = PBXGroup;
			children = (
				83836AB223D8068000E75CE2 /* paymentgatewayUITests.swift */,
				83836AB423D8068000E75CE2 /* Info.plist */,
			);
			path = paymentgatewayUITests;
			sourceTree = "<group>";
		};
		C550AB4B02DBF479418D3069 /* Pods */ = {
			isa = PBXGroup;
			children = (
				D8B35A6693018664128F6F7A /* Pods-paymentgateway.debug.xcconfig */,
				9642221AE95AC8DCF0F1BA9D /* Pods-paymentgateway.release.xcconfig */,
				98CAAE5718D52363256BA066 /* Pods-paymentgateway-paymentgatewayUITests.debug.xcconfig */,
				BB5A0A9D69F16B0468897BD5 /* Pods-paymentgateway-paymentgatewayUITests.release.xcconfig */,
				1CAA5CEFE08992E4F07FB66D /* Pods-paymentgatewayTests.debug.xcconfig */,
				6C2C9510949E40C55C672616 /* Pods-paymentgatewayTests.release.xcconfig */,
			);
			name = Pods;
			path = Pods;
			sourceTree = "<group>";
		};
/* End PBXGroup section */

/* Begin PBXNativeTarget section */
		83836A8923D8067D00E75CE2 /* paymentgateway */ = {
			isa = PBXNativeTarget;
			buildConfigurationList = 83836AB723D8068000E75CE2 /* Build configuration list for PBXNativeTarget "paymentgateway" */;
			buildPhases = (
				8B21AE866EB99849A9D9A767 /* [CP] Check Pods Manifest.lock */,
				83836A8623D8067D00E75CE2 /* Sources */,
				83836A8723D8067D00E75CE2 /* Frameworks */,
				83836A8823D8067D00E75CE2 /* Resources */,
				656263B22D42AF1A61641122 /* [CP] Embed Pods Frameworks */,
			);
			buildRules = (
			);
			dependencies = (
			);
			name = paymentgateway;
			productName = paymentgateway;
			productReference = 83836A8A23D8067D00E75CE2 /* paymentgateway.app */;
			productType = "com.apple.product-type.application";
		};
		83836AA223D8068000E75CE2 /* paymentgatewayTests */ = {
			isa = PBXNativeTarget;
			buildConfigurationList = 83836ABA23D8068000E75CE2 /* Build configuration list for PBXNativeTarget "paymentgatewayTests" */;
			buildPhases = (
				DDA12BC51471F3C81DD609F5 /* [CP] Check Pods Manifest.lock */,
				83836A9F23D8068000E75CE2 /* Sources */,
				83836AA023D8068000E75CE2 /* Frameworks */,
				83836AA123D8068000E75CE2 /* Resources */,
			);
			buildRules = (
			);
			dependencies = (
				83836AA523D8068000E75CE2 /* PBXTargetDependency */,
			);
			name = paymentgatewayTests;
			productName = paymentgatewayTests;
			productReference = 83836AA323D8068000E75CE2 /* paymentgatewayTests.xctest */;
			productType = "com.apple.product-type.bundle.unit-test";
		};
		83836AAD23D8068000E75CE2 /* paymentgatewayUITests */ = {
			isa = PBXNativeTarget;
			buildConfigurationList = 83836ABD23D8068000E75CE2 /* Build configuration list for PBXNativeTarget "paymentgatewayUITests" */;
			buildPhases = (
				0FBCB6E5DECFD0804DD8AC8A /* [CP] Check Pods Manifest.lock */,
				83836AAA23D8068000E75CE2 /* Sources */,
				83836AAB23D8068000E75CE2 /* Frameworks */,
				83836AAC23D8068000E75CE2 /* Resources */,
				0D29B0F31756C59FF372FFBD /* [CP] Embed Pods Frameworks */,
			);
			buildRules = (
			);
			dependencies = (
				83836AB023D8068000E75CE2 /* PBXTargetDependency */,
			);
			name = paymentgatewayUITests;
			productName = paymentgatewayUITests;
			productReference = 83836AAE23D8068000E75CE2 /* paymentgatewayUITests.xctest */;
			productType = "com.apple.product-type.bundle.ui-testing";
		};
/* End PBXNativeTarget section */

/* Begin PBXProject section */
		83836A8223D8067D00E75CE2 /* Project object */ = {
			isa = PBXProject;
			attributes = {
				LastSwiftUpdateCheck = 1110;
				LastUpgradeCheck = 1110;
				ORGANIZATIONNAME = "Syed.Reshma Ruksana";
				TargetAttributes = {
					83836A8923D8067D00E75CE2 = {
						CreatedOnToolsVersion = 11.1;
					};
					83836AA223D8068000E75CE2 = {
						CreatedOnToolsVersion = 11.1;
						TestTargetID = 83836A8923D8067D00E75CE2;
					};
					83836AAD23D8068000E75CE2 = {
						CreatedOnToolsVersion = 11.1;
						TestTargetID = 83836A8923D8067D00E75CE2;
					};
				};
			};
			buildConfigurationList = 83836A8523D8067D00E75CE2 /* Build configuration list for PBXProject "paymentgateway" */;
			compatibilityVersion = "Xcode 9.3";
			developmentRegion = en;
			hasScannedForEncodings = 0;
			knownRegions = (
				en,
				Base,
			);
			mainGroup = 83836A8123D8067D00E75CE2;
			productRefGroup = 83836A8B23D8067D00E75CE2 /* Products */;
			projectDirPath = "";
			projectRoot = "";
			targets = (
				83836A8923D8067D00E75CE2 /* paymentgateway */,
				83836AA223D8068000E75CE2 /* paymentgatewayTests */,
				83836AAD23D8068000E75CE2 /* paymentgatewayUITests */,
			);
		};
/* End PBXProject section */

/* Begin PBXResourcesBuildPhase section */
		83836A8823D8067D00E75CE2 /* Resources */ = {
			isa = PBXResourcesBuildPhase;
			buildActionMask = 2147483647;
			files = (
				83836A9D23D8068000E75CE2 /* LaunchScreen.storyboard in Resources */,
				83836A9A23D8068000E75CE2 /* Assets.xcassets in Resources */,
				83836A9523D8067D00E75CE2 /* Main.storyboard in Resources */,
			);
			runOnlyForDeploymentPostprocessing = 0;
		};
		83836AA123D8068000E75CE2 /* Resources */ = {
			isa = PBXResourcesBuildPhase;
			buildActionMask = 2147483647;
			files = (
			);
			runOnlyForDeploymentPostprocessing = 0;
		};
		83836AAC23D8068000E75CE2 /* Resources */ = {
			isa = PBXResourcesBuildPhase;
			buildActionMask = 2147483647;
			files = (
			);
			runOnlyForDeploymentPostprocessing = 0;
		};
/* End PBXResourcesBuildPhase section */

/* Begin PBXShellScriptBuildPhase section */
		0D29B0F31756C59FF372FFBD /* [CP] Embed Pods Frameworks */ = {
			isa = PBXShellScriptBuildPhase;
			buildActionMask = 2147483647;
			files = (
			);
			inputFileListPaths = (
				"${PODS_ROOT}/Target Support Files/Pods-paymentgateway-paymentgatewayUITests/Pods-paymentgateway-paymentgatewayUITests-frameworks-${CONFIGURATION}-input-files.xcfilelist",
			);
			name = "[CP] Embed Pods Frameworks";
			outputFileListPaths = (
				"${PODS_ROOT}/Target Support Files/Pods-paymentgateway-paymentgatewayUITests/Pods-paymentgateway-paymentgatewayUITests-frameworks-${CONFIGURATION}-output-files.xcfilelist",
			);
			runOnlyForDeploymentPostprocessing = 0;
			shellPath = /bin/sh;
			shellScript = "\"${PODS_ROOT}/Target Support Files/Pods-paymentgateway-paymentgatewayUITests/Pods-paymentgateway-paymentgatewayUITests-frameworks.sh\"\n";
			showEnvVarsInLog = 0;
		};
		0FBCB6E5DECFD0804DD8AC8A /* [CP] Check Pods Manifest.lock */ = {
			isa = PBXShellScriptBuildPhase;
			buildActionMask = 2147483647;
			files = (
			);
			inputFileListPaths = (
			);
			inputPaths = (
				"${PODS_PODFILE_DIR_PATH}/Podfile.lock",
				"${PODS_ROOT}/Manifest.lock",
			);
			name = "[CP] Check Pods Manifest.lock";
			outputFileListPaths = (
			);
			outputPaths = (
				"$(DERIVED_FILE_DIR)/Pods-paymentgateway-paymentgatewayUITests-checkManifestLockResult.txt",
			);
			runOnlyForDeploymentPostprocessing = 0;
			shellPath = /bin/sh;
			shellScript = "diff \"${PODS_PODFILE_DIR_PATH}/Podfile.lock\" \"${PODS_ROOT}/Manifest.lock\" > /dev/null\nif [ $? != 0 ] ; then\n    # print error to STDERR\n    echo \"error: The sandbox is not in sync with the Podfile.lock. Run 'pod install' or update your CocoaPods installation.\" >&2\n    exit 1\nfi\n# This output is used by Xcode 'outputs' to avoid re-running this script phase.\necho \"SUCCESS\" > \"${SCRIPT_OUTPUT_FILE_0}\"\n";
			showEnvVarsInLog = 0;
		};
		656263B22D42AF1A61641122 /* [CP] Embed Pods Frameworks */ = {
			isa = PBXShellScriptBuildPhase;
			buildActionMask = 2147483647;
			files = (
			);
			inputFileListPaths = (
				"${PODS_ROOT}/Target Support Files/Pods-paymentgateway/Pods-paymentgateway-frameworks-${CONFIGURATION}-input-files.xcfilelist",
			);
			name = "[CP] Embed Pods Frameworks";
			outputFileListPaths = (
				"${PODS_ROOT}/Target Support Files/Pods-paymentgateway/Pods-paymentgateway-frameworks-${CONFIGURATION}-output-files.xcfilelist",
			);
			runOnlyForDeploymentPostprocessing = 0;
			shellPath = /bin/sh;
			shellScript = "\"${PODS_ROOT}/Target Support Files/Pods-paymentgateway/Pods-paymentgateway-frameworks.sh\"\n";
			showEnvVarsInLog = 0;
		};
		8B21AE866EB99849A9D9A767 /* [CP] Check Pods Manifest.lock */ = {
			isa = PBXShellScriptBuildPhase;
			buildActionMask = 2147483647;
			files = (
			);
			inputFileListPaths = (
			);
			inputPaths = (
				"${PODS_PODFILE_DIR_PATH}/Podfile.lock",
				"${PODS_ROOT}/Manifest.lock",
			);
			name = "[CP] Check Pods Manifest.lock";
			outputFileListPaths = (
			);
			outputPaths = (
				"$(DERIVED_FILE_DIR)/Pods-paymentgateway-checkManifestLockResult.txt",
			);
			runOnlyForDeploymentPostprocessing = 0;
			shellPath = /bin/sh;
			shellScript = "diff \"${PODS_PODFILE_DIR_PATH}/Podfile.lock\" \"${PODS_ROOT}/Manifest.lock\" > /dev/null\nif [ $? != 0 ] ; then\n    # print error to STDERR\n    echo \"error: The sandbox is not in sync with the Podfile.lock. Run 'pod install' or update your CocoaPods installation.\" >&2\n    exit 1\nfi\n# This output is used by Xcode 'outputs' to avoid re-running this script phase.\necho \"SUCCESS\" > \"${SCRIPT_OUTPUT_FILE_0}\"\n";
			showEnvVarsInLog = 0;
		};
		DDA12BC51471F3C81DD609F5 /* [CP] Check Pods Manifest.lock */ = {
			isa = PBXShellScriptBuildPhase;
			buildActionMask = 2147483647;
			files = (
			);
			inputFileListPaths = (
			);
			inputPaths = (
				"${PODS_PODFILE_DIR_PATH}/Podfile.lock",
				"${PODS_ROOT}/Manifest.lock",
			);
			name = "[CP] Check Pods Manifest.lock";
			outputFileListPaths = (
			);
			outputPaths = (
				"$(DERIVED_FILE_DIR)/Pods-paymentgatewayTests-checkManifestLockResult.txt",
			);
			runOnlyForDeploymentPostprocessing = 0;
			shellPath = /bin/sh;
			shellScript = "diff \"${PODS_PODFILE_DIR_PATH}/Podfile.lock\" \"${PODS_ROOT}/Manifest.lock\" > /dev/null\nif [ $? != 0 ] ; then\n    # print error to STDERR\n    echo \"error: The sandbox is not in sync with the Podfile.lock. Run 'pod install' or update your CocoaPods installation.\" >&2\n    exit 1\nfi\n# This output is used by Xcode 'outputs' to avoid re-running this script phase.\necho \"SUCCESS\" > \"${SCRIPT_OUTPUT_FILE_0}\"\n";
			showEnvVarsInLog = 0;
		};
/* End PBXShellScriptBuildPhase section */

/* Begin PBXSourcesBuildPhase section */
		83836A8623D8067D00E75CE2 /* Sources */ = {
			isa = PBXSourcesBuildPhase;
			buildActionMask = 2147483647;
			files = (
				83836A9223D8067D00E75CE2 /* ViewController.swift in Sources */,
				83836A8E23D8067D00E75CE2 /* AppDelegate.swift in Sources */,
				83836A9023D8067D00E75CE2 /* SceneDelegate.swift in Sources */,
				83836A9823D8067D00E75CE2 /* paymentgateway.xcdatamodeld in Sources */,
			);
			runOnlyForDeploymentPostprocessing = 0;
		};
		83836A9F23D8068000E75CE2 /* Sources */ = {
			isa = PBXSourcesBuildPhase;
			buildActionMask = 2147483647;
			files = (
				83836AA823D8068000E75CE2 /* paymentgatewayTests.swift in Sources */,
			);
			runOnlyForDeploymentPostprocessing = 0;
		};
		83836AAA23D8068000E75CE2 /* Sources */ = {
			isa = PBXSourcesBuildPhase;
			buildActionMask = 2147483647;
			files = (
				83836AB323D8068000E75CE2 /* paymentgatewayUITests.swift in Sources */,
			);
			runOnlyForDeploymentPostprocessing = 0;
		};
/* End PBXSourcesBuildPhase section */

/* Begin PBXTargetDependency section */
		83836AA523D8068000E75CE2 /* PBXTargetDependency */ = {
			isa = PBXTargetDependency;
			target = 83836A8923D8067D00E75CE2 /* paymentgateway */;
			targetProxy = 83836AA423D8068000E75CE2 /* PBXContainerItemProxy */;
		};
		83836AB023D8068000E75CE2 /* PBXTargetDependency */ = {
			isa = PBXTargetDependency;
			target = 83836A8923D8067D00E75CE2 /* paymentgateway */;
			targetProxy = 83836AAF23D8068000E75CE2 /* PBXContainerItemProxy */;
		};
/* End PBXTargetDependency section */

/* Begin PBXVariantGroup section */
		83836A9323D8067D00E75CE2 /* Main.storyboard */ = {
			isa = PBXVariantGroup;
			children = (
				83836A9423D8067D00E75CE2 /* Base */,
			);
			name = Main.storyboard;
			sourceTree = "<group>";
		};
		83836A9B23D8068000E75CE2 /* LaunchScreen.storyboard */ = {
			isa = PBXVariantGroup;
			children = (
				83836A9C23D8068000E75CE2 /* Base */,
			);
			name = LaunchScreen.storyboard;
			sourceTree = "<group>";
		};
/* End PBXVariantGroup section */

/* Begin XCBuildConfiguration section */
		83836AB523D8068000E75CE2 /* Debug */ = {
			isa = XCBuildConfiguration;
			buildSettings = {
				ALWAYS_SEARCH_USER_PATHS = NO;
				CLANG_ANALYZER_NONNULL = YES;
				CLANG_ANALYZER_NUMBER_OBJECT_CONVERSION = YES_AGGRESSIVE;
				CLANG_CXX_LANGUAGE_STANDARD = "gnu++14";
				CLANG_CXX_LIBRARY = "libc++";
				CLANG_ENABLE_MODULES = YES;
				CLANG_ENABLE_OBJC_ARC = YES;
				CLANG_ENABLE_OBJC_WEAK = YES;
				CLANG_WARN_BLOCK_CAPTURE_AUTORELEASING = YES;
				CLANG_WARN_BOOL_CONVERSION = YES;
				CLANG_WARN_COMMA = YES;
				CLANG_WARN_CONSTANT_CONVERSION = YES;
				CLANG_WARN_DEPRECATED_OBJC_IMPLEMENTATIONS = YES;
				CLANG_WARN_DIRECT_OBJC_ISA_USAGE = YES_ERROR;
				CLANG_WARN_DOCUMENTATION_COMMENTS = YES;
				CLANG_WARN_EMPTY_BODY = YES;
				CLANG_WARN_ENUM_CONVERSION = YES;
				CLANG_WARN_INFINITE_RECURSION = YES;
				CLANG_WARN_INT_CONVERSION = YES;
				CLANG_WARN_NON_LITERAL_NULL_CONVERSION = YES;
				CLANG_WARN_OBJC_IMPLICIT_RETAIN_SELF = YES;
				CLANG_WARN_OBJC_LITERAL_CONVERSION = YES;
				CLANG_WARN_OBJC_ROOT_CLASS = YES_ERROR;
				CLANG_WARN_RANGE_LOOP_ANALYSIS = YES;
				CLANG_WARN_STRICT_PROTOTYPES = YES;
				CLANG_WARN_SUSPICIOUS_MOVE = YES;
				CLANG_WARN_UNGUARDED_AVAILABILITY = YES_AGGRESSIVE;
				CLANG_WARN_UNREACHABLE_CODE = YES;
				CLANG_WARN__DUPLICATE_METHOD_MATCH = YES;
				COPY_PHASE_STRIP = NO;
				DEBUG_INFORMATION_FORMAT = dwarf;
				ENABLE_STRICT_OBJC_MSGSEND = YES;
				ENABLE_TESTABILITY = YES;
				GCC_C_LANGUAGE_STANDARD = gnu11;
				GCC_DYNAMIC_NO_PIC = NO;
				GCC_NO_COMMON_BLOCKS = YES;
				GCC_OPTIMIZATION_LEVEL = 0;
				GCC_PREPROCESSOR_DEFINITIONS = (
					"DEBUG=1",
					"$(inherited)",
				);
				GCC_WARN_64_TO_32_BIT_CONVERSION = YES;
				GCC_WARN_ABOUT_RETURN_TYPE = YES_ERROR;
				GCC_WARN_UNDECLARED_SELECTOR = YES;
				GCC_WARN_UNINITIALIZED_AUTOS = YES_AGGRESSIVE;
				GCC_WARN_UNUSED_FUNCTION = YES;
				GCC_WARN_UNUSED_VARIABLE = YES;
				IPHONEOS_DEPLOYMENT_TARGET = 13.1;
				MTL_ENABLE_DEBUG_INFO = INCLUDE_SOURCE;
				MTL_FAST_MATH = YES;
				ONLY_ACTIVE_ARCH = YES;
				SDKROOT = iphoneos;
				SWIFT_ACTIVE_COMPILATION_CONDITIONS = DEBUG;
				SWIFT_OPTIMIZATION_LEVEL = "-Onone";
			};
			name = Debug;
		};
		83836AB623D8068000E75CE2 /* Release */ = {
			isa = XCBuildConfiguration;
			buildSettings = {
				ALWAYS_SEARCH_USER_PATHS = NO;
				CLANG_ANALYZER_NONNULL = YES;
				CLANG_ANALYZER_NUMBER_OBJECT_CONVERSION = YES_AGGRESSIVE;
				CLANG_CXX_LANGUAGE_STANDARD = "gnu++14";
				CLANG_CXX_LIBRARY = "libc++";
				CLANG_ENABLE_MODULES = YES;
				CLANG_ENABLE_OBJC_ARC = YES;
				CLANG_ENABLE_OBJC_WEAK = YES;
				CLANG_WARN_BLOCK_CAPTURE_AUTORELEASING = YES;
				CLANG_WARN_BOOL_CONVERSION = YES;
				CLANG_WARN_COMMA = YES;
				CLANG_WARN_CONSTANT_CONVERSION = YES;
				CLANG_WARN_DEPRECATED_OBJC_IMPLEMENTATIONS = YES;
				CLANG_WARN_DIRECT_OBJC_ISA_USAGE = YES_ERROR;
				CLANG_WARN_DOCUMENTATION_COMMENTS = YES;
				CLANG_WARN_EMPTY_BODY = YES;
				CLANG_WARN_ENUM_CONVERSION = YES;
				CLANG_WARN_INFINITE_RECURSION = YES;
				CLANG_WARN_INT_CONVERSION = YES;
				CLANG_WARN_NON_LITERAL_NULL_CONVERSION = YES;
				CLANG_WARN_OBJC_IMPLICIT_RETAIN_SELF = YES;
				CLANG_WARN_OBJC_LITERAL_CONVERSION = YES;
				CLANG_WARN_OBJC_ROOT_CLASS = YES_ERROR;
				CLANG_WARN_RANGE_LOOP_ANALYSIS = YES;
				CLANG_WARN_STRICT_PROTOTYPES = YES;
				CLANG_WARN_SUSPICIOUS_MOVE = YES;
				CLANG_WARN_UNGUARDED_AVAILABILITY = YES_AGGRESSIVE;
				CLANG_WARN_UNREACHABLE_CODE = YES;
				CLANG_WARN__DUPLICATE_METHOD_MATCH = YES;
				COPY_PHASE_STRIP = NO;
				DEBUG_INFORMATION_FORMAT = "dwarf-with-dsym";
				ENABLE_NS_ASSERTIONS = NO;
				ENABLE_STRICT_OBJC_MSGSEND = YES;
				GCC_C_LANGUAGE_STANDARD = gnu11;
				GCC_NO_COMMON_BLOCKS = YES;
				GCC_WARN_64_TO_32_BIT_CONVERSION = YES;
				GCC_WARN_ABOUT_RETURN_TYPE = YES_ERROR;
				GCC_WARN_UNDECLARED_SELECTOR = YES;
				GCC_WARN_UNINITIALIZED_AUTOS = YES_AGGRESSIVE;
				GCC_WARN_UNUSED_FUNCTION = YES;
				GCC_WARN_UNUSED_VARIABLE = YES;
				IPHONEOS_DEPLOYMENT_TARGET = 13.1;
				MTL_ENABLE_DEBUG_INFO = NO;
				MTL_FAST_MATH = YES;
				SDKROOT = iphoneos;
				SWIFT_COMPILATION_MODE = wholemodule;
				SWIFT_OPTIMIZATION_LEVEL = "-O";
				VALIDATE_PRODUCT = YES;
			};
			name = Release;
		};
		83836AB823D8068000E75CE2 /* Debug */ = {
			isa = XCBuildConfiguration;
			baseConfigurationReference = D8B35A6693018664128F6F7A /* Pods-paymentgateway.debug.xcconfig */;
			buildSettings = {
				ASSETCATALOG_COMPILER_APPICON_NAME = AppIcon;
				CODE_SIGN_STYLE = Automatic;
				INFOPLIST_FILE = paymentgateway/Info.plist;
				LD_RUNPATH_SEARCH_PATHS = (
					"$(inherited)",
					"@executable_path/Frameworks",
				);
				PRODUCT_BUNDLE_IDENTIFIER = BRN.paymentgateway;
				PRODUCT_NAME = "$(TARGET_NAME)";
				SWIFT_VERSION = 5.0;
				TARGETED_DEVICE_FAMILY = "1,2";
			};
			name = Debug;
		};
		83836AB923D8068000E75CE2 /* Release */ = {
			isa = XCBuildConfiguration;
			baseConfigurationReference = 9642221AE95AC8DCF0F1BA9D /* Pods-paymentgateway.release.xcconfig */;
			buildSettings = {
				ASSETCATALOG_COMPILER_APPICON_NAME = AppIcon;
				CODE_SIGN_STYLE = Automatic;
				INFOPLIST_FILE = paymentgateway/Info.plist;
				LD_RUNPATH_SEARCH_PATHS = (
					"$(inherited)",
					"@executable_path/Frameworks",
				);
				PRODUCT_BUNDLE_IDENTIFIER = BRN.paymentgateway;
				PRODUCT_NAME = "$(TARGET_NAME)";
				SWIFT_VERSION = 5.0;
				TARGETED_DEVICE_FAMILY = "1,2";
			};
			name = Release;
		};
		83836ABB23D8068000E75CE2 /* Debug */ = {
			isa = XCBuildConfiguration;
			baseConfigurationReference = 1CAA5CEFE08992E4F07FB66D /* Pods-paymentgatewayTests.debug.xcconfig */;
			buildSettings = {
				ALWAYS_EMBED_SWIFT_STANDARD_LIBRARIES = YES;
				BUNDLE_LOADER = "$(TEST_HOST)";
				CODE_SIGN_STYLE = Automatic;
				INFOPLIST_FILE = paymentgatewayTests/Info.plist;
				IPHONEOS_DEPLOYMENT_TARGET = 13.1;
				LD_RUNPATH_SEARCH_PATHS = (
					"$(inherited)",
					"@executable_path/Frameworks",
					"@loader_path/Frameworks",
				);
				PRODUCT_BUNDLE_IDENTIFIER = BRN.paymentgatewayTests;
				PRODUCT_NAME = "$(TARGET_NAME)";
				SWIFT_VERSION = 5.0;
				TARGETED_DEVICE_FAMILY = "1,2";
				TEST_HOST = "$(BUILT_PRODUCTS_DIR)/paymentgateway.app/paymentgateway";
			};
			name = Debug;
		};
		83836ABC23D8068000E75CE2 /* Release */ = {
			isa = XCBuildConfiguration;
			baseConfigurationReference = 6C2C9510949E40C55C672616 /* Pods-paymentgatewayTests.release.xcconfig */;
			buildSettings = {
				ALWAYS_EMBED_SWIFT_STANDARD_LIBRARIES = YES;
				BUNDLE_LOADER = "$(TEST_HOST)";
				CODE_SIGN_STYLE = Automatic;
				INFOPLIST_FILE = paymentgatewayTests/Info.plist;
				IPHONEOS_DEPLOYMENT_TARGET = 13.1;
				LD_RUNPATH_SEARCH_PATHS = (
					"$(inherited)",
					"@executable_path/Frameworks",
					"@loader_path/Frameworks",
				);
				PRODUCT_BUNDLE_IDENTIFIER = BRN.paymentgatewayTests;
				PRODUCT_NAME = "$(TARGET_NAME)";
				SWIFT_VERSION = 5.0;
				TARGETED_DEVICE_FAMILY = "1,2";
				TEST_HOST = "$(BUILT_PRODUCTS_DIR)/paymentgateway.app/paymentgateway";
			};
			name = Release;
		};
		83836ABE23D8068000E75CE2 /* Debug */ = {
			isa = XCBuildConfiguration;
			baseConfigurationReference = 98CAAE5718D52363256BA066 /* Pods-paymentgateway-paymentgatewayUITests.debug.xcconfig */;
			buildSettings = {
				ALWAYS_EMBED_SWIFT_STANDARD_LIBRARIES = YES;
				CODE_SIGN_STYLE = Automatic;
				INFOPLIST_FILE = paymentgatewayUITests/Info.plist;
				LD_RUNPATH_SEARCH_PATHS = (
					"$(inherited)",
					"@executable_path/Frameworks",
					"@loader_path/Frameworks",
				);
				PRODUCT_BUNDLE_IDENTIFIER = BRN.paymentgatewayUITests;
				PRODUCT_NAME = "$(TARGET_NAME)";
				SWIFT_VERSION = 5.0;
				TARGETED_DEVICE_FAMILY = "1,2";
				TEST_TARGET_NAME = paymentgateway;
			};
			name = Debug;
		};
		83836ABF23D8068000E75CE2 /* Release */ = {
			isa = XCBuildConfiguration;
			baseConfigurationReference = BB5A0A9D69F16B0468897BD5 /* Pods-paymentgateway-paymentgatewayUITests.release.xcconfig */;
			buildSettings = {
				ALWAYS_EMBED_SWIFT_STANDARD_LIBRARIES = YES;
				CODE_SIGN_STYLE = Automatic;
				INFOPLIST_FILE = paymentgatewayUITests/Info.plist;
				LD_RUNPATH_SEARCH_PATHS = (
					"$(inherited)",
					"@executable_path/Frameworks",
					"@loader_path/Frameworks",
				);
				PRODUCT_BUNDLE_IDENTIFIER = BRN.paymentgatewayUITests;
				PRODUCT_NAME = "$(TARGET_NAME)";
				SWIFT_VERSION = 5.0;
				TARGETED_DEVICE_FAMILY = "1,2";
				TEST_TARGET_NAME = paymentgateway;
			};
			name = Release;
		};
/* End XCBuildConfiguration section */

/* Begin XCConfigurationList section */
		83836A8523D8067D00E75CE2 /* Build configuration list for PBXProject "paymentgateway" */ = {
			isa = XCConfigurationList;
			buildConfigurations = (
				83836AB523D8068000E75CE2 /* Debug */,
				83836AB623D8068000E75CE2 /* Release */,
			);
			defaultConfigurationIsVisible = 0;
			defaultConfigurationName = Release;
		};
		83836AB723D8068000E75CE2 /* Build configuration list for PBXNativeTarget "paymentgateway" */ = {
			isa = XCConfigurationList;
			buildConfigurations = (
				83836AB823D8068000E75CE2 /* Debug */,
				83836AB923D8068000E75CE2 /* Release */,
			);
			defaultConfigurationIsVisible = 0;
			defaultConfigurationName = Release;
		};
		83836ABA23D8068000E75CE2 /* Build configuration list for PBXNativeTarget "paymentgatewayTests" */ = {
			isa = XCConfigurationList;
			buildConfigurations = (
				83836ABB23D8068000E75CE2 /* Debug */,
				83836ABC23D8068000E75CE2 /* Release */,
			);
			defaultConfigurationIsVisible = 0;
			defaultConfigurationName = Release;
		};
		83836ABD23D8068000E75CE2 /* Build configuration list for PBXNativeTarget "paymentgatewayUITests" */ = {
			isa = XCConfigurationList;
			buildConfigurations = (
				83836ABE23D8068000E75CE2 /* Debug */,
				83836ABF23D8068000E75CE2 /* Release */,
			);
			defaultConfigurationIsVisible = 0;
			defaultConfigurationName = Release;
		};
/* End XCConfigurationList section */

/* Begin XCVersionGroup section */
		83836A9623D8067D00E75CE2 /* paymentgateway.xcdatamodeld */ = {
			isa = XCVersionGroup;
			children = (
				83836A9723D8067D00E75CE2 /* paymentgateway.xcdatamodel */,
			);
			currentVersion = 83836A9723D8067D00E75CE2 /* paymentgateway.xcdatamodel */;
			path = paymentgateway.xcdatamodeld;
			sourceTree = "<group>";
			versionGroupType = wrapper.xcdatamodel;
		};
/* End XCVersionGroup section */
	};
	rootObject = 83836A8223D8067D00E75CE2 /* Project object */;
}
